
Microsoft Visual Studio Solution File, Format Version 12.00
# Visual Studio 15
VisualStudioVersion = 15.0.27004.2009
MinimumVisualStudioVersion = 10.0.40219.1
Project("{FAE04EC0-301F-11D3-BF4B-00C04F79EFBC}") = "eighth_homework", "eighth_homework\eighth_homework.csproj", "{F21BBB71-0CBC-44AD-B985-734FFDB9AB18}"
EndProject
Project("{FAE04EC0-301F-11D3-BF4B-00C04F79EFBC}") = "Workbench", "Workbench\Workbench.csproj", "{7DA2CD91-16AE-454E-890E-94AD747E0868}"
EndProject
Global
	GlobalSection(SolutionConfigurationPlatforms) = preSolution
		Debug|Any CPU = Debug|Any CPU
		Release|Any CPU = Release|Any CPU
	EndGlobalSection
	GlobalSection(ProjectConfigurationPlatforms) = postSolution
		{F21BBB71-0CBC-44AD-B985-734FFDB9AB18}.Debug|Any CPU.ActiveCfg = Debug|Any CPU
		{F21BBB71-0CBC-44AD-B985-734FFDB9AB18}.Debug|Any CPU.Build.0 = Debug|Any CPU
		{F21BBB71-0CBC-44AD-B985-734FFDB9AB18}.Release|Any CPU.ActiveCfg = Release|Any CPU
		{F21BBB71-0CBC-44AD-B985-734FFDB9AB18}.Release|Any CPU.Build.0 = Release|Any CPU
		{7DA2CD91-16AE-454E-890E-94AD747E0868}.Debug|Any CPU.ActiveCfg = Debug|Any CPU
		{7DA2CD91-16AE-454E-890E-94AD747E0868}.Debug|Any CPU.Build.0 = Debug|Any CPU
		{7DA2CD91-16AE-454E-890E-94AD747E0868}.Release|Any CPU.ActiveCfg = Release|Any CPU
		{7DA2CD91-16AE-454E-890E-94AD747E0868}.Release|Any CPU.Build.0 = Release|Any CPU
	EndGlobalSection
	GlobalSection(SolutionProperties) = preSolution
		HideSolutionNode = FALSE
	EndGlobalSection
	GlobalSection(ExtensibilityGlobals) = postSolution
		SolutionGuid = {7DFD061F-F089-4AE9-97B6-F69456B2EB3A}
	EndGlobalSection
EndGlobal
